
Microsoft Visual Studio Solution File, Format Version 12.00
# Visual Studio 15
VisualStudioVersion = 15.0.27130.2027
MinimumVisualStudioVersion = 10.0.40219.1
Project("{2150E333-8FDC-42A3-9474-1A3956D46DE8}") = "Solution Items", "Solution Items", "{6602063C-2D61-474F-B7DB-0D7CD170E97F}"
	ProjectSection(SolutionItems) = preProject
		.dockerignore = .dockerignore
		.gitignore = .gitignore
		.travis.yml = .travis.yml
		codecov.yml = codecov.yml
		docker-compose.test.yml = docker-compose.test.yml
		Dockerfile.test = Dockerfile.test
		Dockerfile.test.build = Dockerfile.test.build
		Dockerfile.test.build.sh = Dockerfile.test.build.sh
	EndProjectSection
EndProject
Project("{9A19103F-16F7-4668-BE54-9A1E7A4F7556}") = "Com.Bateeq.Service.Core.Lib", "Com.Bateeq.Service.Core.Lib\Com.Bateeq.Service.Core.Lib.csproj", "{84B7F48E-5581-4087-AD62-2E202A085062}"
EndProject
Project("{9A19103F-16F7-4668-BE54-9A1E7A4F7556}") = "Com.Bateeq.Service.Core.Test", "Com.Bateeq.Service.Core.Test\Com.Bateeq.Service.Core.Test.csproj", "{AAC093D7-47A5-4402-A33A-4C77ED9AD480}"
EndProject
Project("{9A19103F-16F7-4668-BE54-9A1E7A4F7556}") = "Com.Bateeq.Service.Core.WebApi", "Com.Bateeq.Service.Core.WebApi\Com.Bateeq.Service.Core.WebApi.csproj", "{CE39937D-27B5-4291-A397-26624346170F}"
EndProject
Global
	GlobalSection(SolutionConfigurationPlatforms) = preSolution
		Debug|Any CPU = Debug|Any CPU
		Release|Any CPU = Release|Any CPU
	EndGlobalSection
	GlobalSection(ProjectConfigurationPlatforms) = postSolution
		{84B7F48E-5581-4087-AD62-2E202A085062}.Debug|Any CPU.ActiveCfg = Debug|Any CPU
		{84B7F48E-5581-4087-AD62-2E202A085062}.Debug|Any CPU.Build.0 = Debug|Any CPU
		{84B7F48E-5581-4087-AD62-2E202A085062}.Release|Any CPU.ActiveCfg = Release|Any CPU
		{84B7F48E-5581-4087-AD62-2E202A085062}.Release|Any CPU.Build.0 = Release|Any CPU
		{AAC093D7-47A5-4402-A33A-4C77ED9AD480}.Debug|Any CPU.ActiveCfg = Debug|Any CPU
		{AAC093D7-47A5-4402-A33A-4C77ED9AD480}.Debug|Any CPU.Build.0 = Debug|Any CPU
		{AAC093D7-47A5-4402-A33A-4C77ED9AD480}.Release|Any CPU.ActiveCfg = Release|Any CPU
		{AAC093D7-47A5-4402-A33A-4C77ED9AD480}.Release|Any CPU.Build.0 = Release|Any CPU
		{CE39937D-27B5-4291-A397-26624346170F}.Debug|Any CPU.ActiveCfg = Debug|Any CPU
		{CE39937D-27B5-4291-A397-26624346170F}.Debug|Any CPU.Build.0 = Debug|Any CPU
		{CE39937D-27B5-4291-A397-26624346170F}.Release|Any CPU.ActiveCfg = Release|Any CPU
		{CE39937D-27B5-4291-A397-26624346170F}.Release|Any CPU.Build.0 = Release|Any CPU
	EndGlobalSection
	GlobalSection(SolutionProperties) = preSolution
		HideSolutionNode = FALSE
	EndGlobalSection
	GlobalSection(ExtensibilityGlobals) = postSolution
		SolutionGuid = {EDFF2F27-27DC-4EB6-98CB-FC3A8B48285A}
	EndGlobalSection
EndGlobal
