
Microsoft Visual Studio Solution File, Format Version 12.00
# Visual Studio 15
VisualStudioVersion = 15.0.27004.2006
MinimumVisualStudioVersion = 10.0.40219.1
Project("{FAE04EC0-301F-11D3-BF4B-00C04F79EFBC}") = "Com.Bateeq.Service.Core.WebApi", "Com.Bateeq.Service.Core.WebApi\Com.Bateeq.Service.Core.WebApi.csproj", "{7A038384-062B-4D9D-BC23-4F438121E6A9}"
EndProject
Project("{FAE04EC0-301F-11D3-BF4B-00C04F79EFBC}") = "Com.Bateeq.Service.Core.Lib", "Com.Bateeq.Service.Core.Lib\Com.Bateeq.Service.Core.Lib.csproj", "{BE7E547F-F0FF-442B-870F-27837BBFEA19}"
EndProject
Global
	GlobalSection(SolutionConfigurationPlatforms) = preSolution
		Debug|Any CPU = Debug|Any CPU
		Release|Any CPU = Release|Any CPU
	EndGlobalSection
	GlobalSection(ProjectConfigurationPlatforms) = postSolution
		{7A038384-062B-4D9D-BC23-4F438121E6A9}.Debug|Any CPU.ActiveCfg = Debug|Any CPU
		{7A038384-062B-4D9D-BC23-4F438121E6A9}.Debug|Any CPU.Build.0 = Debug|Any CPU
		{7A038384-062B-4D9D-BC23-4F438121E6A9}.Release|Any CPU.ActiveCfg = Release|Any CPU
		{7A038384-062B-4D9D-BC23-4F438121E6A9}.Release|Any CPU.Build.0 = Release|Any CPU
		{BE7E547F-F0FF-442B-870F-27837BBFEA19}.Debug|Any CPU.ActiveCfg = Debug|Any CPU
		{BE7E547F-F0FF-442B-870F-27837BBFEA19}.Debug|Any CPU.Build.0 = Debug|Any CPU
		{BE7E547F-F0FF-442B-870F-27837BBFEA19}.Release|Any CPU.ActiveCfg = Release|Any CPU
		{BE7E547F-F0FF-442B-870F-27837BBFEA19}.Release|Any CPU.Build.0 = Release|Any CPU
	EndGlobalSection
	GlobalSection(SolutionProperties) = preSolution
		HideSolutionNode = FALSE
	EndGlobalSection
	GlobalSection(ExtensibilityGlobals) = postSolution
		SolutionGuid = {5DF59BA8-1C6B-41C6-9C4C-C7F80D81DE09}
	EndGlobalSection
EndGlobal
